
Microsoft Visual Studio Solution File, Format Version 12.00
# Visual Studio Version 16
VisualStudioVersion = 16.0.30011.22
MinimumVisualStudioVersion = 10.0.40219.1
Project("{9A19103F-16F7-4668-BE54-9A1E7A4F7556}") = "MassTransit.Net.Configuration", "src\MassTransit.Net.Configuration\MassTransit.Net.Configuration.csproj", "{4E9840B0-4D8C-45BF-9D66-52B323AE4036}"
EndProject
Global
	GlobalSection(SolutionConfigurationPlatforms) = preSolution
		Debug|Any CPU = Debug|Any CPU
		Release|Any CPU = Release|Any CPU
	EndGlobalSection
	GlobalSection(ProjectConfigurationPlatforms) = postSolution
		{4E9840B0-4D8C-45BF-9D66-52B323AE4036}.Debug|Any CPU.ActiveCfg = Debug|Any CPU
		{4E9840B0-4D8C-45BF-9D66-52B323AE4036}.Debug|Any CPU.Build.0 = Debug|Any CPU
		{4E9840B0-4D8C-45BF-9D66-52B323AE4036}.Release|Any CPU.ActiveCfg = Release|Any CPU
		{4E9840B0-4D8C-45BF-9D66-52B323AE4036}.Release|Any CPU.Build.0 = Release|Any CPU
	EndGlobalSection
	GlobalSection(SolutionProperties) = preSolution
		HideSolutionNode = FALSE
	EndGlobalSection
	GlobalSection(ExtensibilityGlobals) = postSolution
		SolutionGuid = {08E9210C-E3C0-4B19-95B0-7A4953D6D579}
	EndGlobalSection
EndGlobal
